version = 1
revision = 3
requires-python = ">=3.8"
resolution-markers = [
    "python_full_version >= '3.10'",
    "python_full_version == '3.9.*'",
    "python_full_version < '3.9'",
]

[options]
exclude-newer = "2026-03-27T23:11:32.479454036Z"
exclude-newer-span = "P7D"

[[package]]
name = "rustkyll"
version = "0.5.2"
source = { editable = "." }
